
Microsoft Visual Studio Solution File, Format Version 12.00
# Visual Studio Version 17
VisualStudioVersion = 17.7.34009.444
MinimumVisualStudioVersion = 10.0.40219.1
Project("{FAE04EC0-301F-11D3-BF4B-00C04F79EFBC}") = "activity 1 task 3", "activity 1 task 3\activity 1 task 3.csproj", "{A359EA55-8D5C-4514-8D24-C8993532F0A4}"
EndProject
Global
	GlobalSection(SolutionConfigurationPlatforms) = preSolution
		Debug|Any CPU = Debug|Any CPU
		Release|Any CPU = Release|Any CPU
	EndGlobalSection
	GlobalSection(ProjectConfigurationPlatforms) = postSolution
		{A359EA55-8D5C-4514-8D24-C8993532F0A4}.Debug|Any CPU.ActiveCfg = Debug|Any CPU
		{A359EA55-8D5C-4514-8D24-C8993532F0A4}.Debug|Any CPU.Build.0 = Debug|Any CPU
		{A359EA55-8D5C-4514-8D24-C8993532F0A4}.Release|Any CPU.ActiveCfg = Release|Any CPU
		{A359EA55-8D5C-4514-8D24-C8993532F0A4}.Release|Any CPU.Build.0 = Release|Any CPU
	EndGlobalSection
	GlobalSection(SolutionProperties) = preSolution
		HideSolutionNode = FALSE
	EndGlobalSection
	GlobalSection(ExtensibilityGlobals) = postSolution
		SolutionGuid = {23D1A79D-B39D-4E9F-88E0-E7925AD8DD18}
	EndGlobalSection
EndGlobal
